{
    "version": 3,
    "terraform_version": "0.11.7",
    "serial": 4,
    "lineage": "61ed808f-03c3-154d-d373-219124694d47",
    "modules": [
        {
            "path": [
                "root"
            ],
            "outputs": {},
            "resources": {
                "aws_alb.test_api": {
                    "type": "aws_alb",
                    "depends_on": [
                        "aws_security_group.http",
                        "aws_security_group.internal",
                        "aws_subnet.public_1a",
                        "aws_subnet.public_1c"
                    ],
                    "primary": {
                        "id": "arn:aws:elasticloadbalancing:ap-northeast-1:418986901314:loadbalancer/app/test-api/d10698018885b1f5",
                        "attributes": {
                            "access_logs.#": "0",
                            "arn": "arn:aws:elasticloadbalancing:ap-northeast-1:418986901314:loadbalancer/app/test-api/d10698018885b1f5",
                            "arn_suffix": "app/test-api/d10698018885b1f5",
                            "dns_name": "test-api-856456566.ap-northeast-1.elb.amazonaws.com",
                            "enable_deletion_protection": "false",
                            "enable_http2": "true",
                            "id": "arn:aws:elasticloadbalancing:ap-northeast-1:418986901314:loadbalancer/app/test-api/d10698018885b1f5",
                            "idle_timeout": "60",
                            "internal": "false",
                            "ip_address_type": "ipv4",
                            "load_balancer_type": "application",
                            "name": "test-api",
                            "security_groups.#": "2",
                            "security_groups.3150782157": "sg-02ed0726def5370b9",
                            "security_groups.664375477": "sg-079aeda153a410d05",
                            "subnet_mapping.#": "0",
                            "subnets.#": "2",
                            "subnets.1516738731": "subnet-07f905d7e0d6217ae",
                            "subnets.2213655990": "subnet-0ca8016a1aa092cd8",
                            "tags.%": "3",
                            "tags.Environment": "Test",
                            "tags.Name": "test-alb",
                            "tags.Type": "ALB",
                            "vpc_id": "vpc-077ed8d2e9bdd1624",
                            "zone_id": "Z14GRHDCWA56QT"
                        },
                        "meta": {
                            "e2bfb730-ecaa-11e6-8f88-34363bc7c4c0": {
                                "create": 600000000000,
                                "delete": 600000000000,
                                "update": 600000000000
                            }
                        },
                        "tainted": false
                    },
                    "deposed": [],
                    "provider": "provider.aws"
                },
                "aws_alb_listener.test_api": {
                    "type": "aws_alb_listener",
                    "depends_on": [
                        "aws_alb.test_api",
                        "aws_alb_target_group.test_api"
                    ],
                    "primary": {
                        "id": "arn:aws:elasticloadbalancing:ap-northeast-1:418986901314:listener/app/test-api/d10698018885b1f5/046b4d34d5b92900",
                        "attributes": {
                            "arn": "arn:aws:elasticloadbalancing:ap-northeast-1:418986901314:listener/app/test-api/d10698018885b1f5/046b4d34d5b92900",
                            "default_action.#": "1",
                            "default_action.0.target_group_arn": "arn:aws:elasticloadbalancing:ap-northeast-1:418986901314:targetgroup/test-api/5d0f9fb5cc52b987",
                            "default_action.0.type": "forward",
                            "id": "arn:aws:elasticloadbalancing:ap-northeast-1:418986901314:listener/app/test-api/d10698018885b1f5/046b4d34d5b92900",
                            "load_balancer_arn": "arn:aws:elasticloadbalancing:ap-northeast-1:418986901314:loadbalancer/app/test-api/d10698018885b1f5",
                            "port": "80",
                            "protocol": "HTTP",
                            "ssl_policy": ""
                        },
                        "meta": {},
                        "tainted": false
                    },
                    "deposed": [],
                    "provider": "provider.aws"
                },
                "aws_alb_target_group.test_api": {
                    "type": "aws_alb_target_group",
                    "depends_on": [
                        "aws_vpc.vpc"
                    ],
                    "primary": {
                        "id": "arn:aws:elasticloadbalancing:ap-northeast-1:418986901314:targetgroup/test-api/5d0f9fb5cc52b987",
                        "attributes": {
                            "arn": "arn:aws:elasticloadbalancing:ap-northeast-1:418986901314:targetgroup/test-api/5d0f9fb5cc52b987",
                            "arn_suffix": "targetgroup/test-api/5d0f9fb5cc52b987",
                            "deregistration_delay": "30",
                            "health_check.#": "1",
                            "health_check.0.healthy_threshold": "2",
                            "health_check.0.interval": "30",
                            "health_check.0.matcher": "200",
                            "health_check.0.path": "/alive",
                            "health_check.0.port": "traffic-port",
                            "health_check.0.protocol": "HTTP",
                            "health_check.0.timeout": "5",
                            "health_check.0.unhealthy_threshold": "4",
                            "id": "arn:aws:elasticloadbalancing:ap-northeast-1:418986901314:targetgroup/test-api/5d0f9fb5cc52b987",
                            "name": "test-api",
                            "port": "80",
                            "protocol": "HTTP",
                            "proxy_protocol_v2": "false",
                            "stickiness.#": "1",
                            "stickiness.0.cookie_duration": "86400",
                            "stickiness.0.enabled": "false",
                            "stickiness.0.type": "lb_cookie",
                            "tags.%": "3",
                            "tags.Environment": "Test",
                            "tags.Name": "test-alb",
                            "tags.Type": "ALB",
                            "target_type": "ip",
                            "vpc_id": "vpc-077ed8d2e9bdd1624"
                        },
                        "meta": {},
                        "tainted": false
                    },
                    "deposed": [],
                    "provider": "provider.aws"
                },
                "aws_autoscaling_group.test_api": {
                    "type": "aws_autoscaling_group",
                    "depends_on": [
                        "aws_launch_configuration.test_api",
                        "aws_subnet.private_1a"
                    ],
                    "primary": {
                        "id": "test-api",
                        "attributes": {
                            "arn": "arn:aws:autoscaling:ap-northeast-1:418986901314:autoScalingGroup:af14605b-a5a8-4f13-a111-7ae1a6914532:autoScalingGroupName/test-api",
                            "availability_zones.#": "1",
                            "availability_zones.3773642014": "ap-northeast-1a",
                            "default_cooldown": "300",
                            "desired_capacity": "1",
                            "enabled_metrics.#": "8",
                            "enabled_metrics.119681000": "GroupStandbyInstances",
                            "enabled_metrics.1940933563": "GroupTotalInstances",
                            "enabled_metrics.308948767": "GroupPendingInstances",
                            "enabled_metrics.3267518000": "GroupTerminatingInstances",
                            "enabled_metrics.3394537085": "GroupDesiredCapacity",
                            "enabled_metrics.3551801763": "GroupInServiceInstances",
                            "enabled_metrics.4118539418": "GroupMinSize",
                            "enabled_metrics.4136111317": "GroupMaxSize",
                            "force_delete": "true",
                            "health_check_grace_period": "300",
                            "health_check_type": "EC2",
                            "id": "test-api",
                            "launch_configuration": "test-api-20180528084458276900000002",
                            "launch_template.#": "0",
                            "load_balancers.#": "0",
                            "max_size": "4",
                            "metrics_granularity": "1Minute",
                            "min_size": "1",
                            "name": "test-api",
                            "placement_group": "",
                            "protect_from_scale_in": "false",
                            "service_linked_role_arn": "arn:aws:iam::418986901314:role/aws-service-role/autoscaling.amazonaws.com/AWSServiceRoleForAutoScaling",
                            "suspended_processes.#": "0",
                            "tag.#": "3",
                            "tag.1500708151.key": "Type",
                            "tag.1500708151.propagate_at_launch": "true",
                            "tag.1500708151.value": "API",
                            "tag.1817719557.key": "Name",
                            "tag.1817719557.propagate_at_launch": "true",
                            "tag.1817719557.value": "test-api-asg",
                            "tag.3404433694.key": "Environment",
                            "tag.3404433694.propagate_at_launch": "true",
                            "tag.3404433694.value": "Test",
                            "target_group_arns.#": "0",
                            "termination_policies.#": "0",
                            "vpc_zone_identifier.#": "1",
                            "vpc_zone_identifier.2109659219": "subnet-0799c38687935bffc",
                            "wait_for_capacity_timeout": "10m"
                        },
                        "meta": {
                            "e2bfb730-ecaa-11e6-8f88-34363bc7c4c0": {
                                "delete": 600000000000
                            }
                        },
                        "tainted": false
                    },
                    "deposed": [],
                    "provider": "provider.aws"
                },
                "aws_ecs_cluster.api_cluster": {
                    "type": "aws_ecs_cluster",
                    "depends_on": [],
                    "primary": {
                        "id": "arn:aws:ecs:ap-northeast-1:418986901314:cluster/api-cluster",
                        "attributes": {
                            "arn": "arn:aws:ecs:ap-northeast-1:418986901314:cluster/api-cluster",
                            "id": "arn:aws:ecs:ap-northeast-1:418986901314:cluster/api-cluster",
                            "name": "api-cluster"
                        },
                        "meta": {},
                        "tainted": false
                    },
                    "deposed": [],
                    "provider": "provider.aws"
                },
                "aws_ecs_task_definition.api": {
                    "type": "aws_ecs_task_definition",
                    "depends_on": [],
                    "primary": {
                        "id": "api",
                        "attributes": {
                            "arn": "arn:aws:ecs:ap-northeast-1:418986901314:task-definition/api:1",
                            "container_definitions": "[{\"cpu\":64,\"environment\":[],\"essential\":true,\"image\":\"nginx\",\"memory\":100,\"mountPoints\":[],\"name\":\"nginx\",\"portMappings\":[{\"containerPort\":80,\"hostPort\":80,\"protocol\":\"tcp\"}],\"volumesFrom\":[]}]",
                            "cpu": "",
                            "execution_role_arn": "",
                            "family": "api",
                            "id": "api",
                            "memory": "",
                            "network_mode": "awsvpc",
                            "placement_constraints.#": "0",
                            "requires_compatibilities.#": "0",
                            "revision": "1",
                            "task_role_arn": "",
                            "volume.#": "0"
                        },
                        "meta": {
                            "schema_version": "1"
                        },
                        "tainted": false
                    },
                    "deposed": [],
                    "provider": "provider.aws"
                },
                "aws_eip.nat_1a": {
                    "type": "aws_eip",
                    "depends_on": [],
                    "primary": {
                        "id": "eipalloc-02bf58ab9f6de0c37",
                        "attributes": {
                            "association_id": "eipassoc-70fe28bd",
                            "domain": "vpc",
                            "id": "eipalloc-02bf58ab9f6de0c37",
                            "instance": "",
                            "network_interface": "eni-270dc116",
                            "private_ip": "172.17.0.195",
                            "public_ip": "13.112.112.250",
                            "tags.%": "0",
                            "vpc": "true"
                        },
                        "meta": {
                            "e2bfb730-ecaa-11e6-8f88-34363bc7c4c0": {
                                "delete": 180000000000,
                                "read": 900000000000,
                                "update": 300000000000
                            }
                        },
                        "tainted": false
                    },
                    "deposed": [],
                    "provider": "provider.aws"
                },
                "aws_iam_instance_profile.ecs": {
                    "type": "aws_iam_instance_profile",
                    "depends_on": [
                        "aws_iam_role.ecs_instance_role"
                    ],
                    "primary": {
                        "id": "ecs-instance-profile",
                        "attributes": {
                            "arn": "arn:aws:iam::418986901314:instance-profile/ecs-instance-profile",
                            "id": "ecs-instance-profile",
                            "name": "ecs-instance-profile",
                            "path": "/",
                            "role": "ecs_instance_role",
                            "roles.#": "1",
                            "roles.1216618711": "ecs_instance_role",
                            "unique_id": "AIPAIU7OLYQ3XUJUJGHHY"
                        },
                        "meta": {},
                        "tainted": false
                    },
                    "deposed": [],
                    "provider": "provider.aws"
                },
                "aws_iam_policy_attachment.ecs_instance_role_attach": {
                    "type": "aws_iam_policy_attachment",
                    "depends_on": [
                        "aws_iam_role.ecs_instance_role"
                    ],
                    "primary": {
                        "id": "ecs-instance-role-attach",
                        "attributes": {
                            "groups.#": "0",
                            "id": "ecs-instance-role-attach",
                            "name": "ecs-instance-role-attach",
                            "policy_arn": "arn:aws:iam::aws:policy/service-role/AmazonEC2ContainerServiceforEC2Role",
                            "roles.#": "1",
                            "roles.1216618711": "ecs_instance_role",
                            "users.#": "0"
                        },
                        "meta": {},
                        "tainted": false
                    },
                    "deposed": [],
                    "provider": "provider.aws"
                },
                "aws_iam_policy_attachment.ecs_service_role_attach": {
                    "type": "aws_iam_policy_attachment",
                    "depends_on": [
                        "aws_iam_role.ecs_service_role"
                    ],
                    "primary": {
                        "id": "ecs-service-role-attach",
                        "attributes": {
                            "groups.#": "0",
                            "id": "ecs-service-role-attach",
                            "name": "ecs-service-role-attach",
                            "policy_arn": "arn:aws:iam::aws:policy/service-role/AmazonEC2ContainerServiceRole",
                            "roles.#": "1",
                            "roles.2800466029": "ecs_service_role",
                            "users.#": "0"
                        },
                        "meta": {},
                        "tainted": false
                    },
                    "deposed": [],
                    "provider": "provider.aws"
                },
                "aws_iam_role.ecs_instance_role": {
                    "type": "aws_iam_role",
                    "depends_on": [],
                    "primary": {
                        "id": "ecs_instance_role",
                        "attributes": {
                            "arn": "arn:aws:iam::418986901314:role/ecs_instance_role",
                            "assume_role_policy": "{\"Version\":\"2008-10-17\",\"Statement\":[{\"Sid\":\"\",\"Effect\":\"Allow\",\"Principal\":{\"Service\":\"ec2.amazonaws.com\"},\"Action\":\"sts:AssumeRole\"}]}",
                            "create_date": "2018-05-28T08:43:12Z",
                            "force_detach_policies": "false",
                            "id": "ecs_instance_role",
                            "max_session_duration": "3600",
                            "name": "ecs_instance_role",
                            "path": "/",
                            "unique_id": "AROAIIUOBRMEA5JZDAXK2"
                        },
                        "meta": {},
                        "tainted": false
                    },
                    "deposed": [],
                    "provider": "provider.aws"
                },
                "aws_iam_role.ecs_service_role": {
                    "type": "aws_iam_role",
                    "depends_on": [],
                    "primary": {
                        "id": "ecs_service_role",
                        "attributes": {
                            "arn": "arn:aws:iam::418986901314:role/ecs_service_role",
                            "assume_role_policy": "{\"Version\":\"2008-10-17\",\"Statement\":[{\"Sid\":\"\",\"Effect\":\"Allow\",\"Principal\":{\"Service\":\"ecs.amazonaws.com\"},\"Action\":\"sts:AssumeRole\"}]}",
                            "create_date": "2018-05-28T08:43:12Z",
                            "force_detach_policies": "false",
                            "id": "ecs_service_role",
                            "max_session_duration": "3600",
                            "name": "ecs_service_role",
                            "path": "/",
                            "unique_id": "AROAJSOTFQFUZO3CVISG6"
                        },
                        "meta": {},
                        "tainted": false
                    },
                    "deposed": [],
                    "provider": "provider.aws"
                },
                "aws_iam_service_linked_role.ecs": {
                    "type": "aws_iam_service_linked_role",
                    "depends_on": [],
                    "primary": {
                        "id": "arn:aws:iam::418986901314:role/aws-service-role/ecs.amazonaws.com/AWSServiceRoleForECS",
                        "attributes": {
                            "arn": "arn:aws:iam::418986901314:role/aws-service-role/ecs.amazonaws.com/AWSServiceRoleForECS",
                            "aws_service_name": "ecs.amazonaws.com",
                            "custom_suffix": "",
                            "description": "",
                            "id": "arn:aws:iam::418986901314:role/aws-service-role/ecs.amazonaws.com/AWSServiceRoleForECS",
                            "name": "AWSServiceRoleForECS",
                            "path": "/aws-service-role/ecs.amazonaws.com/",
                            "unique_id": "AROAIHUTLM6W35TTFP42Q"
                        },
                        "meta": {},
                        "tainted": false
                    },
                    "deposed": [],
                    "provider": "provider.aws"
                },
                "aws_internet_gateway.igw": {
                    "type": "aws_internet_gateway",
                    "depends_on": [
                        "aws_vpc.vpc"
                    ],
                    "primary": {
                        "id": "igw-0a80da164ed47d6bd",
                        "attributes": {
                            "id": "igw-0a80da164ed47d6bd",
                            "tags.%": "1",
                            "tags.Name": "igw",
                            "vpc_id": "vpc-077ed8d2e9bdd1624"
                        },
                        "meta": {},
                        "tainted": false
                    },
                    "deposed": [],
                    "provider": "provider.aws"
                },
                "aws_launch_configuration.test_api": {
                    "type": "aws_launch_configuration",
                    "depends_on": [
                        "aws_iam_instance_profile.ecs",
                        "aws_security_group.internal"
                    ],
                    "primary": {
                        "id": "test-api-20180528084458276900000002",
                        "attributes": {
                            "associate_public_ip_address": "false",
                            "ebs_block_device.#": "0",
                            "ebs_optimized": "false",
                            "enable_monitoring": "true",
                            "ephemeral_block_device.#": "0",
                            "iam_instance_profile": "ecs-instance-profile",
                            "id": "test-api-20180528084458276900000002",
                            "image_id": "ami-f3f8098c",
                            "instance_type": "t2.micro",
                            "key_name": "awsvpc",
                            "name": "test-api-20180528084458276900000002",
                            "name_prefix": "test-api-",
                            "root_block_device.#": "0",
                            "security_groups.#": "1",
                            "security_groups.3150782157": "sg-02ed0726def5370b9",
                            "spot_price": "",
                            "user_data": "6d5216e126c7a53fd262f650421d70a1df1f703b",
                            "vpc_classic_link_id": "",
                            "vpc_classic_link_security_groups.#": "0"
                        },
                        "meta": {},
                        "tainted": false
                    },
                    "deposed": [],
                    "provider": "provider.aws"
                },
                "aws_nat_gateway.nat_1a": {
                    "type": "aws_nat_gateway",
                    "depends_on": [
                        "aws_eip.nat_1a",
                        "aws_subnet.public_1a"
                    ],
                    "primary": {
                        "id": "nat-04a50ddaca9f304cc",
                        "attributes": {
                            "allocation_id": "eipalloc-02bf58ab9f6de0c37",
                            "id": "nat-04a50ddaca9f304cc",
                            "network_interface_id": "eni-270dc116",
                            "private_ip": "172.17.0.195",
                            "public_ip": "13.112.112.250",
                            "subnet_id": "subnet-07f905d7e0d6217ae",
                            "tags.%": "3",
                            "tags.Environment": "Test",
                            "tags.Name": "nat-1a",
                            "tags.Type": "NATGateway"
                        },
                        "meta": {},
                        "tainted": false
                    },
                    "deposed": [],
                    "provider": "provider.aws"
                },
                "aws_route_table.private_rt": {
                    "type": "aws_route_table",
                    "depends_on": [
                        "aws_nat_gateway.nat_1a",
                        "aws_vpc.vpc"
                    ],
                    "primary": {
                        "id": "rtb-0cc346a8bbded9331",
                        "attributes": {
                            "id": "rtb-0cc346a8bbded9331",
                            "propagating_vgws.#": "0",
                            "route.#": "1",
                            "route.1435242717.cidr_block": "0.0.0.0/0",
                            "route.1435242717.egress_only_gateway_id": "",
                            "route.1435242717.gateway_id": "",
                            "route.1435242717.instance_id": "",
                            "route.1435242717.ipv6_cidr_block": "",
                            "route.1435242717.nat_gateway_id": "nat-04a50ddaca9f304cc",
                            "route.1435242717.network_interface_id": "",
                            "route.1435242717.vpc_peering_connection_id": "",
                            "tags.%": "2",
                            "tags.Environment": "Test",
                            "tags.Name": "private-rt",
                            "vpc_id": "vpc-077ed8d2e9bdd1624"
                        },
                        "meta": {},
                        "tainted": false
                    },
                    "deposed": [],
                    "provider": "provider.aws"
                },
                "aws_route_table.public_rt": {
                    "type": "aws_route_table",
                    "depends_on": [
                        "aws_internet_gateway.igw",
                        "aws_vpc.vpc"
                    ],
                    "primary": {
                        "id": "rtb-055db74fd00fb99a0",
                        "attributes": {
                            "id": "rtb-055db74fd00fb99a0",
                            "propagating_vgws.#": "0",
                            "route.#": "1",
                            "route.4165656136.cidr_block": "0.0.0.0/0",
                            "route.4165656136.egress_only_gateway_id": "",
                            "route.4165656136.gateway_id": "igw-0a80da164ed47d6bd",
                            "route.4165656136.instance_id": "",
                            "route.4165656136.ipv6_cidr_block": "",
                            "route.4165656136.nat_gateway_id": "",
                            "route.4165656136.network_interface_id": "",
                            "route.4165656136.vpc_peering_connection_id": "",
                            "tags.%": "2",
                            "tags.Environment": "Test",
                            "tags.Name": "public-rt",
                            "vpc_id": "vpc-077ed8d2e9bdd1624"
                        },
                        "meta": {},
                        "tainted": false
                    },
                    "deposed": [],
                    "provider": "provider.aws"
                },
                "aws_route_table_association.private_1a": {
                    "type": "aws_route_table_association",
                    "depends_on": [
                        "aws_route_table.private_rt",
                        "aws_subnet.private_1a"
                    ],
                    "primary": {
                        "id": "rtbassoc-00b325008155cea8b",
                        "attributes": {
                            "id": "rtbassoc-00b325008155cea8b",
                            "route_table_id": "rtb-0cc346a8bbded9331",
                            "subnet_id": "subnet-0799c38687935bffc"
                        },
                        "meta": {},
                        "tainted": false
                    },
                    "deposed": [],
                    "provider": "provider.aws"
                },
                "aws_route_table_association.public_1a": {
                    "type": "aws_route_table_association",
                    "depends_on": [
                        "aws_route_table.public_rt",
                        "aws_subnet.public_1a"
                    ],
                    "primary": {
                        "id": "rtbassoc-0badb14add07139ca",
                        "attributes": {
                            "id": "rtbassoc-0badb14add07139ca",
                            "route_table_id": "rtb-055db74fd00fb99a0",
                            "subnet_id": "subnet-07f905d7e0d6217ae"
                        },
                        "meta": {},
                        "tainted": false
                    },
                    "deposed": [],
                    "provider": "provider.aws"
                },
                "aws_route_table_association.public_1c": {
                    "type": "aws_route_table_association",
                    "depends_on": [
                        "aws_route_table.public_rt",
                        "aws_subnet.public_1c"
                    ],
                    "primary": {
                        "id": "rtbassoc-02cb1f7d84243645f",
                        "attributes": {
                            "id": "rtbassoc-02cb1f7d84243645f",
                            "route_table_id": "rtb-055db74fd00fb99a0",
                            "subnet_id": "subnet-0ca8016a1aa092cd8"
                        },
                        "meta": {},
                        "tainted": false
                    },
                    "deposed": [],
                    "provider": "provider.aws"
                },
                "aws_security_group.http": {
                    "type": "aws_security_group",
                    "depends_on": [
                        "aws_vpc.vpc"
                    ],
                    "primary": {
                        "id": "sg-079aeda153a410d05",
                        "attributes": {
                            "arn": "arn:aws:ec2:ap-northeast-1:418986901314:security-group/sg-079aeda153a410d05",
                            "description": "Allow http inbound traffic",
                            "egress.#": "1",
                            "egress.482069346.cidr_blocks.#": "1",
                            "egress.482069346.cidr_blocks.0": "0.0.0.0/0",
                            "egress.482069346.description": "",
                            "egress.482069346.from_port": "0",
                            "egress.482069346.ipv6_cidr_blocks.#": "0",
                            "egress.482069346.prefix_list_ids.#": "0",
                            "egress.482069346.protocol": "-1",
                            "egress.482069346.security_groups.#": "0",
                            "egress.482069346.self": "false",
                            "egress.482069346.to_port": "0",
                            "id": "sg-079aeda153a410d05",
                            "ingress.#": "1",
                            "ingress.2214680975.cidr_blocks.#": "1",
                            "ingress.2214680975.cidr_blocks.0": "0.0.0.0/0",
                            "ingress.2214680975.description": "",
                            "ingress.2214680975.from_port": "80",
                            "ingress.2214680975.ipv6_cidr_blocks.#": "0",
                            "ingress.2214680975.protocol": "tcp",
                            "ingress.2214680975.security_groups.#": "0",
                            "ingress.2214680975.self": "false",
                            "ingress.2214680975.to_port": "80",
                            "name": "http",
                            "owner_id": "418986901314",
                            "revoke_rules_on_delete": "false",
                            "tags.%": "1",
                            "tags.Name": "http",
                            "vpc_id": "vpc-077ed8d2e9bdd1624"
                        },
                        "meta": {
                            "e2bfb730-ecaa-11e6-8f88-34363bc7c4c0": {
                                "create": 600000000000,
                                "delete": 600000000000
                            },
                            "schema_version": "1"
                        },
                        "tainted": false
                    },
                    "deposed": [],
                    "provider": "provider.aws"
                },
                "aws_security_group.internal": {
                    "type": "aws_security_group",
                    "depends_on": [
                        "aws_vpc.vpc"
                    ],
                    "primary": {
                        "id": "sg-02ed0726def5370b9",
                        "attributes": {
                            "arn": "arn:aws:ec2:ap-northeast-1:418986901314:security-group/sg-02ed0726def5370b9",
                            "description": "Allow internal traffic",
                            "egress.#": "1",
                            "egress.482069346.cidr_blocks.#": "1",
                            "egress.482069346.cidr_blocks.0": "0.0.0.0/0",
                            "egress.482069346.description": "",
                            "egress.482069346.from_port": "0",
                            "egress.482069346.ipv6_cidr_blocks.#": "0",
                            "egress.482069346.prefix_list_ids.#": "0",
                            "egress.482069346.protocol": "-1",
                            "egress.482069346.security_groups.#": "0",
                            "egress.482069346.self": "false",
                            "egress.482069346.to_port": "0",
                            "id": "sg-02ed0726def5370b9",
                            "ingress.#": "1",
                            "ingress.3544538468.cidr_blocks.#": "0",
                            "ingress.3544538468.description": "",
                            "ingress.3544538468.from_port": "0",
                            "ingress.3544538468.ipv6_cidr_blocks.#": "0",
                            "ingress.3544538468.protocol": "tcp",
                            "ingress.3544538468.security_groups.#": "0",
                            "ingress.3544538468.self": "true",
                            "ingress.3544538468.to_port": "65535",
                            "name": "internal",
                            "owner_id": "418986901314",
                            "revoke_rules_on_delete": "false",
                            "tags.%": "1",
                            "tags.Name": "internal",
                            "vpc_id": "vpc-077ed8d2e9bdd1624"
                        },
                        "meta": {
                            "e2bfb730-ecaa-11e6-8f88-34363bc7c4c0": {
                                "create": 600000000000,
                                "delete": 600000000000
                            },
                            "schema_version": "1"
                        },
                        "tainted": false
                    },
                    "deposed": [],
                    "provider": "provider.aws"
                },
                "aws_security_group.ssh": {
                    "type": "aws_security_group",
                    "depends_on": [
                        "aws_vpc.vpc"
                    ],
                    "primary": {
                        "id": "sg-0b9aed1fc113be53c",
                        "attributes": {
                            "arn": "arn:aws:ec2:ap-northeast-1:418986901314:security-group/sg-0b9aed1fc113be53c",
                            "description": "Allow ssh inbound traffic",
                            "egress.#": "1",
                            "egress.482069346.cidr_blocks.#": "1",
                            "egress.482069346.cidr_blocks.0": "0.0.0.0/0",
                            "egress.482069346.description": "",
                            "egress.482069346.from_port": "0",
                            "egress.482069346.ipv6_cidr_blocks.#": "0",
                            "egress.482069346.prefix_list_ids.#": "0",
                            "egress.482069346.protocol": "-1",
                            "egress.482069346.security_groups.#": "0",
                            "egress.482069346.self": "false",
                            "egress.482069346.to_port": "0",
                            "id": "sg-0b9aed1fc113be53c",
                            "ingress.#": "1",
                            "ingress.2992297006.cidr_blocks.#": "1",
                            "ingress.2992297006.cidr_blocks.0": "122.212.216.66/32",
                            "ingress.2992297006.description": "",
                            "ingress.2992297006.from_port": "22",
                            "ingress.2992297006.ipv6_cidr_blocks.#": "0",
                            "ingress.2992297006.protocol": "tcp",
                            "ingress.2992297006.security_groups.#": "0",
                            "ingress.2992297006.self": "false",
                            "ingress.2992297006.to_port": "22",
                            "name": "ssh",
                            "owner_id": "418986901314",
                            "revoke_rules_on_delete": "false",
                            "tags.%": "1",
                            "tags.Name": "ssh",
                            "vpc_id": "vpc-077ed8d2e9bdd1624"
                        },
                        "meta": {
                            "e2bfb730-ecaa-11e6-8f88-34363bc7c4c0": {
                                "create": 600000000000,
                                "delete": 600000000000
                            },
                            "schema_version": "1"
                        },
                        "tainted": false
                    },
                    "deposed": [],
                    "provider": "provider.aws"
                },
                "aws_subnet.private_1a": {
                    "type": "aws_subnet",
                    "depends_on": [
                        "aws_vpc.vpc"
                    ],
                    "primary": {
                        "id": "subnet-0799c38687935bffc",
                        "attributes": {
                            "assign_ipv6_address_on_creation": "false",
                            "availability_zone": "ap-northeast-1a",
                            "cidr_block": "172.17.10.0/24",
                            "id": "subnet-0799c38687935bffc",
                            "map_public_ip_on_launch": "false",
                            "tags.%": "1",
                            "tags.Name": "private-1a",
                            "vpc_id": "vpc-077ed8d2e9bdd1624"
                        },
                        "meta": {
                            "schema_version": "1"
                        },
                        "tainted": false
                    },
                    "deposed": [],
                    "provider": "provider.aws"
                },
                "aws_subnet.public_1a": {
                    "type": "aws_subnet",
                    "depends_on": [
                        "aws_vpc.vpc"
                    ],
                    "primary": {
                        "id": "subnet-07f905d7e0d6217ae",
                        "attributes": {
                            "assign_ipv6_address_on_creation": "false",
                            "availability_zone": "ap-northeast-1a",
                            "cidr_block": "172.17.0.0/24",
                            "id": "subnet-07f905d7e0d6217ae",
                            "map_public_ip_on_launch": "true",
                            "tags.%": "1",
                            "tags.Name": "public-1a",
                            "vpc_id": "vpc-077ed8d2e9bdd1624"
                        },
                        "meta": {
                            "schema_version": "1"
                        },
                        "tainted": false
                    },
                    "deposed": [],
                    "provider": "provider.aws"
                },
                "aws_subnet.public_1c": {
                    "type": "aws_subnet",
                    "depends_on": [
                        "aws_vpc.vpc"
                    ],
                    "primary": {
                        "id": "subnet-0ca8016a1aa092cd8",
                        "attributes": {
                            "assign_ipv6_address_on_creation": "false",
                            "availability_zone": "ap-northeast-1c",
                            "cidr_block": "172.17.20.0/24",
                            "id": "subnet-0ca8016a1aa092cd8",
                            "map_public_ip_on_launch": "true",
                            "tags.%": "1",
                            "tags.Name": "public-1c",
                            "vpc_id": "vpc-077ed8d2e9bdd1624"
                        },
                        "meta": {
                            "schema_version": "1"
                        },
                        "tainted": false
                    },
                    "deposed": [],
                    "provider": "provider.aws"
                },
                "aws_vpc.vpc": {
                    "type": "aws_vpc",
                    "depends_on": [],
                    "primary": {
                        "id": "vpc-077ed8d2e9bdd1624",
                        "attributes": {
                            "assign_generated_ipv6_cidr_block": "false",
                            "cidr_block": "172.17.0.0/16",
                            "default_network_acl_id": "acl-0325c8c8a74598b6e",
                            "default_route_table_id": "rtb-0f6b650bd62dd660c",
                            "default_security_group_id": "sg-0d2dab0872b01d4ef",
                            "dhcp_options_id": "dopt-1a52c67d",
                            "enable_classiclink": "false",
                            "enable_classiclink_dns_support": "false",
                            "enable_dns_hostnames": "false",
                            "enable_dns_support": "true",
                            "id": "vpc-077ed8d2e9bdd1624",
                            "instance_tenancy": "default",
                            "main_route_table_id": "rtb-0f6b650bd62dd660c",
                            "tags.%": "1",
                            "tags.Name": "vpc"
                        },
                        "meta": {
                            "schema_version": "1"
                        },
                        "tainted": false
                    },
                    "deposed": [],
                    "provider": "provider.aws"
                }
            },
            "depends_on": []
        }
    ]
}
